
Microsoft Visual Studio Solution File, Format Version 12.00
# Visual Studio Version 17
VisualStudioVersion = 17.3.32901.215
MinimumVisualStudioVersion = 10.0.40219.1
Project("{FAE04EC0-301F-11D3-BF4B-00C04F79EFBC}") = "Task1", "IndependentWork12\Task1.csproj", "{FF62E23B-4047-4000-A4DB-53119A4F1E0C}"
EndProject
Global
	GlobalSection(SolutionConfigurationPlatforms) = preSolution
		Debug|Any CPU = Debug|Any CPU
		Release|Any CPU = Release|Any CPU
	EndGlobalSection
	GlobalSection(ProjectConfigurationPlatforms) = postSolution
		{FF62E23B-4047-4000-A4DB-53119A4F1E0C}.Debug|Any CPU.ActiveCfg = Debug|Any CPU
		{FF62E23B-4047-4000-A4DB-53119A4F1E0C}.Debug|Any CPU.Build.0 = Debug|Any CPU
		{FF62E23B-4047-4000-A4DB-53119A4F1E0C}.Release|Any CPU.ActiveCfg = Release|Any CPU
		{FF62E23B-4047-4000-A4DB-53119A4F1E0C}.Release|Any CPU.Build.0 = Release|Any CPU
	EndGlobalSection
	GlobalSection(SolutionProperties) = preSolution
		HideSolutionNode = FALSE
	EndGlobalSection
	GlobalSection(ExtensibilityGlobals) = postSolution
		SolutionGuid = {2AF80B3A-AB76-456C-AAA8-648C28B14477}
	EndGlobalSection
EndGlobal
